
Microsoft Visual Studio Solution File, Format Version 12.00
# Visual Studio Version 16
VisualStudioVersion = 16.0.31424.327
MinimumVisualStudioVersion = 10.0.40219.1
Project("{8BC9CEB8-8B4A-11D0-8D11-00A0C91BC942}") = "stack_investigator_all", "stack_investigator_all.vcxproj", "{FF6C8A45-4F74-444E-B6AB-F71CFC34C582}"
EndProject
Project("{2150E333-8FDC-42A3-9474-1A3956D46DE8}") = "files", "files", "{866CDADA-D440-463D-8A29-825EED453F2C}"
	ProjectSection(SolutionItems) = preProject
		..\..\.gitattributes = ..\..\.gitattributes
		..\..\.gitignore = ..\..\.gitignore
		..\..\.gitmodules = ..\..\.gitmodules
		..\..\LICENSE = ..\..\LICENSE
		..\..\Makefile = ..\..\Makefile
		..\..\README.md = ..\..\README.md
	EndProjectSection
EndProject
Project("{2150E333-8FDC-42A3-9474-1A3956D46DE8}") = "scriptz", "scriptz", "{6A40EC82-F36A-4BFA-917B-46B82D1377D9}"
	ProjectSection(SolutionItems) = preProject
		..\..\scripts\doocs_under_invest = ..\..\scripts\doocs_under_invest
		..\..\scripts\run_under_invest = ..\..\scripts\run_under_invest
	EndProjectSection
EndProject
Project("{2150E333-8FDC-42A3-9474-1A3956D46DE8}") = "projects", "projects", "{61580194-D49B-45ED-9034-AA8A146E53FA}"
EndProject
Project("{2150E333-8FDC-42A3-9474-1A3956D46DE8}") = "core", "core", "{A9572DA9-3D3A-4B64-9ECA-CC952D266950}"
EndProject
Project("{2150E333-8FDC-42A3-9474-1A3956D46DE8}") = "tests", "tests", "{337EEA01-07EF-4DC5-9E8D-F6EC2D22D01F}"
EndProject
Project("{8BC9CEB8-8B4A-11D0-8D11-00A0C91BC942}") = "stack_investigator", "..\..\prj\core\stack_investigator_vs\stack_investigator.vcxproj", "{AF300BF7-DC93-4C89-A024-7CA191C81CC9}"
	ProjectSection(ProjectDependencies) = postProject
		{FF6C8A45-4F74-444E-B6AB-F71CFC34C582} = {FF6C8A45-4F74-444E-B6AB-F71CFC34C582}
	EndProjectSection
EndProject
Project("{8BC9CEB8-8B4A-11D0-8D11-00A0C91BC942}") = "googletest_getter", "..\..\prj\tests\googletest_mult\googletest_getter.vcxproj", "{E6F8B6C2-4CA9-4B3A-9A00-83D011DE88FA}"
	ProjectSection(ProjectDependencies) = postProject
		{AF300BF7-DC93-4C89-A024-7CA191C81CC9} = {AF300BF7-DC93-4C89-A024-7CA191C81CC9}
	EndProjectSection
EndProject
Project("{8BC9CEB8-8B4A-11D0-8D11-00A0C91BC942}") = "stack_invest01_test", "..\..\prj\tests\stack_invest01_test_vs\stack_invest01_test.vcxproj", "{0866A449-7779-4D67-82EB-34DC919405E0}"
	ProjectSection(ProjectDependencies) = postProject
		{AF300BF7-DC93-4C89-A024-7CA191C81CC9} = {AF300BF7-DC93-4C89-A024-7CA191C81CC9}
	EndProjectSection
EndProject
Project("{8BC9CEB8-8B4A-11D0-8D11-00A0C91BC942}") = "stack_invest02_test", "..\..\prj\tests\stack_invest02_test_vs\stack_invest02_test.vcxproj", "{AA342F3A-3619-400A-ABCE-0F7245FB5AC5}"
	ProjectSection(ProjectDependencies) = postProject
		{AF300BF7-DC93-4C89-A024-7CA191C81CC9} = {AF300BF7-DC93-4C89-A024-7CA191C81CC9}
	EndProjectSection
EndProject
Project("{8BC9CEB8-8B4A-11D0-8D11-00A0C91BC942}") = "stack_invest03_test", "..\..\prj\tests\stack_invest03_test_vs\stack_invest03_test.vcxproj", "{8CD471C5-9F7E-4442-95DC-34672714A04A}"
	ProjectSection(ProjectDependencies) = postProject
		{AF300BF7-DC93-4C89-A024-7CA191C81CC9} = {AF300BF7-DC93-4C89-A024-7CA191C81CC9}
	EndProjectSection
EndProject
Project("{8BC9CEB8-8B4A-11D0-8D11-00A0C91BC942}") = "stack_invest04_test", "..\..\prj\tests\stack_invest04_test_vs\stack_invest04_test.vcxproj", "{5A0BD812-28AD-4DF6-8DAB-B8E812D4B120}"
	ProjectSection(ProjectDependencies) = postProject
		{AF300BF7-DC93-4C89-A024-7CA191C81CC9} = {AF300BF7-DC93-4C89-A024-7CA191C81CC9}
	EndProjectSection
EndProject
Project("{8BC9CEB8-8B4A-11D0-8D11-00A0C91BC942}") = "stack_invest05_test", "..\..\prj\tests\stack_invest05_test_vs\stack_invest05_test.vcxproj", "{750F58E4-38D2-4E0C-BD3B-BEB702077DEB}"
EndProject
Global
	GlobalSection(SolutionConfigurationPlatforms) = preSolution
		Debug|ARM = Debug|ARM
		Debug|ARM64 = Debug|ARM64
		Debug|x64 = Debug|x64
		Debug|x86 = Debug|x86
		Release|ARM = Release|ARM
		Release|ARM64 = Release|ARM64
		Release|x64 = Release|x64
		Release|x86 = Release|x86
	EndGlobalSection
	GlobalSection(ProjectConfigurationPlatforms) = postSolution
		{FF6C8A45-4F74-444E-B6AB-F71CFC34C582}.Debug|ARM.ActiveCfg = Debug|ARM
		{FF6C8A45-4F74-444E-B6AB-F71CFC34C582}.Debug|ARM.Build.0 = Debug|ARM
		{FF6C8A45-4F74-444E-B6AB-F71CFC34C582}.Debug|ARM64.ActiveCfg = Debug|ARM64
		{FF6C8A45-4F74-444E-B6AB-F71CFC34C582}.Debug|ARM64.Build.0 = Debug|ARM64
		{FF6C8A45-4F74-444E-B6AB-F71CFC34C582}.Debug|x64.ActiveCfg = Debug|x64
		{FF6C8A45-4F74-444E-B6AB-F71CFC34C582}.Debug|x64.Build.0 = Debug|x64
		{FF6C8A45-4F74-444E-B6AB-F71CFC34C582}.Debug|x86.ActiveCfg = Debug|Win32
		{FF6C8A45-4F74-444E-B6AB-F71CFC34C582}.Debug|x86.Build.0 = Debug|Win32
		{FF6C8A45-4F74-444E-B6AB-F71CFC34C582}.Release|ARM.ActiveCfg = Release|ARM
		{FF6C8A45-4F74-444E-B6AB-F71CFC34C582}.Release|ARM.Build.0 = Release|ARM
		{FF6C8A45-4F74-444E-B6AB-F71CFC34C582}.Release|ARM64.ActiveCfg = Release|ARM64
		{FF6C8A45-4F74-444E-B6AB-F71CFC34C582}.Release|ARM64.Build.0 = Release|ARM64
		{FF6C8A45-4F74-444E-B6AB-F71CFC34C582}.Release|x64.ActiveCfg = Release|x64
		{FF6C8A45-4F74-444E-B6AB-F71CFC34C582}.Release|x64.Build.0 = Release|x64
		{FF6C8A45-4F74-444E-B6AB-F71CFC34C582}.Release|x86.ActiveCfg = Release|Win32
		{FF6C8A45-4F74-444E-B6AB-F71CFC34C582}.Release|x86.Build.0 = Release|Win32
		{AF300BF7-DC93-4C89-A024-7CA191C81CC9}.Debug|ARM.ActiveCfg = Debug|ARM
		{AF300BF7-DC93-4C89-A024-7CA191C81CC9}.Debug|ARM.Build.0 = Debug|ARM
		{AF300BF7-DC93-4C89-A024-7CA191C81CC9}.Debug|ARM64.ActiveCfg = Debug|ARM64
		{AF300BF7-DC93-4C89-A024-7CA191C81CC9}.Debug|ARM64.Build.0 = Debug|ARM64
		{AF300BF7-DC93-4C89-A024-7CA191C81CC9}.Debug|x64.ActiveCfg = Debug|x64
		{AF300BF7-DC93-4C89-A024-7CA191C81CC9}.Debug|x64.Build.0 = Debug|x64
		{AF300BF7-DC93-4C89-A024-7CA191C81CC9}.Debug|x86.ActiveCfg = Debug|Win32
		{AF300BF7-DC93-4C89-A024-7CA191C81CC9}.Debug|x86.Build.0 = Debug|Win32
		{AF300BF7-DC93-4C89-A024-7CA191C81CC9}.Release|ARM.ActiveCfg = Release|ARM
		{AF300BF7-DC93-4C89-A024-7CA191C81CC9}.Release|ARM.Build.0 = Release|ARM
		{AF300BF7-DC93-4C89-A024-7CA191C81CC9}.Release|ARM64.ActiveCfg = Release|ARM64
		{AF300BF7-DC93-4C89-A024-7CA191C81CC9}.Release|ARM64.Build.0 = Release|ARM64
		{AF300BF7-DC93-4C89-A024-7CA191C81CC9}.Release|x64.ActiveCfg = Release|x64
		{AF300BF7-DC93-4C89-A024-7CA191C81CC9}.Release|x64.Build.0 = Release|x64
		{AF300BF7-DC93-4C89-A024-7CA191C81CC9}.Release|x86.ActiveCfg = Release|Win32
		{AF300BF7-DC93-4C89-A024-7CA191C81CC9}.Release|x86.Build.0 = Release|Win32
		{E6F8B6C2-4CA9-4B3A-9A00-83D011DE88FA}.Debug|ARM.ActiveCfg = Debug|ARM
		{E6F8B6C2-4CA9-4B3A-9A00-83D011DE88FA}.Debug|ARM.Build.0 = Debug|ARM
		{E6F8B6C2-4CA9-4B3A-9A00-83D011DE88FA}.Debug|ARM64.ActiveCfg = Debug|ARM64
		{E6F8B6C2-4CA9-4B3A-9A00-83D011DE88FA}.Debug|ARM64.Build.0 = Debug|ARM64
		{E6F8B6C2-4CA9-4B3A-9A00-83D011DE88FA}.Debug|x64.ActiveCfg = Debug|x64
		{E6F8B6C2-4CA9-4B3A-9A00-83D011DE88FA}.Debug|x64.Build.0 = Debug|x64
		{E6F8B6C2-4CA9-4B3A-9A00-83D011DE88FA}.Debug|x86.ActiveCfg = Debug|Win32
		{E6F8B6C2-4CA9-4B3A-9A00-83D011DE88FA}.Debug|x86.Build.0 = Debug|Win32
		{E6F8B6C2-4CA9-4B3A-9A00-83D011DE88FA}.Release|ARM.ActiveCfg = Release|ARM
		{E6F8B6C2-4CA9-4B3A-9A00-83D011DE88FA}.Release|ARM.Build.0 = Release|ARM
		{E6F8B6C2-4CA9-4B3A-9A00-83D011DE88FA}.Release|ARM64.ActiveCfg = Release|ARM64
		{E6F8B6C2-4CA9-4B3A-9A00-83D011DE88FA}.Release|ARM64.Build.0 = Release|ARM64
		{E6F8B6C2-4CA9-4B3A-9A00-83D011DE88FA}.Release|x64.ActiveCfg = Release|x64
		{E6F8B6C2-4CA9-4B3A-9A00-83D011DE88FA}.Release|x64.Build.0 = Release|x64
		{E6F8B6C2-4CA9-4B3A-9A00-83D011DE88FA}.Release|x86.ActiveCfg = Release|Win32
		{E6F8B6C2-4CA9-4B3A-9A00-83D011DE88FA}.Release|x86.Build.0 = Release|Win32
		{0866A449-7779-4D67-82EB-34DC919405E0}.Debug|ARM.ActiveCfg = Debug|ARM
		{0866A449-7779-4D67-82EB-34DC919405E0}.Debug|ARM.Build.0 = Debug|ARM
		{0866A449-7779-4D67-82EB-34DC919405E0}.Debug|ARM64.ActiveCfg = Debug|ARM64
		{0866A449-7779-4D67-82EB-34DC919405E0}.Debug|ARM64.Build.0 = Debug|ARM64
		{0866A449-7779-4D67-82EB-34DC919405E0}.Debug|x64.ActiveCfg = Debug|x64
		{0866A449-7779-4D67-82EB-34DC919405E0}.Debug|x64.Build.0 = Debug|x64
		{0866A449-7779-4D67-82EB-34DC919405E0}.Debug|x86.ActiveCfg = Debug|Win32
		{0866A449-7779-4D67-82EB-34DC919405E0}.Debug|x86.Build.0 = Debug|Win32
		{0866A449-7779-4D67-82EB-34DC919405E0}.Release|ARM.ActiveCfg = Release|ARM
		{0866A449-7779-4D67-82EB-34DC919405E0}.Release|ARM.Build.0 = Release|ARM
		{0866A449-7779-4D67-82EB-34DC919405E0}.Release|ARM64.ActiveCfg = Release|ARM64
		{0866A449-7779-4D67-82EB-34DC919405E0}.Release|ARM64.Build.0 = Release|ARM64
		{0866A449-7779-4D67-82EB-34DC919405E0}.Release|x64.ActiveCfg = Release|x64
		{0866A449-7779-4D67-82EB-34DC919405E0}.Release|x64.Build.0 = Release|x64
		{0866A449-7779-4D67-82EB-34DC919405E0}.Release|x86.ActiveCfg = Release|Win32
		{0866A449-7779-4D67-82EB-34DC919405E0}.Release|x86.Build.0 = Release|Win32
		{AA342F3A-3619-400A-ABCE-0F7245FB5AC5}.Debug|ARM.ActiveCfg = Debug|ARM
		{AA342F3A-3619-400A-ABCE-0F7245FB5AC5}.Debug|ARM.Build.0 = Debug|ARM
		{AA342F3A-3619-400A-ABCE-0F7245FB5AC5}.Debug|ARM64.ActiveCfg = Debug|ARM64
		{AA342F3A-3619-400A-ABCE-0F7245FB5AC5}.Debug|ARM64.Build.0 = Debug|ARM64
		{AA342F3A-3619-400A-ABCE-0F7245FB5AC5}.Debug|x64.ActiveCfg = Debug|x64
		{AA342F3A-3619-400A-ABCE-0F7245FB5AC5}.Debug|x64.Build.0 = Debug|x64
		{AA342F3A-3619-400A-ABCE-0F7245FB5AC5}.Debug|x86.ActiveCfg = Debug|Win32
		{AA342F3A-3619-400A-ABCE-0F7245FB5AC5}.Debug|x86.Build.0 = Debug|Win32
		{AA342F3A-3619-400A-ABCE-0F7245FB5AC5}.Release|ARM.ActiveCfg = Release|ARM
		{AA342F3A-3619-400A-ABCE-0F7245FB5AC5}.Release|ARM.Build.0 = Release|ARM
		{AA342F3A-3619-400A-ABCE-0F7245FB5AC5}.Release|ARM64.ActiveCfg = Release|ARM64
		{AA342F3A-3619-400A-ABCE-0F7245FB5AC5}.Release|ARM64.Build.0 = Release|ARM64
		{AA342F3A-3619-400A-ABCE-0F7245FB5AC5}.Release|x64.ActiveCfg = Release|x64
		{AA342F3A-3619-400A-ABCE-0F7245FB5AC5}.Release|x64.Build.0 = Release|x64
		{AA342F3A-3619-400A-ABCE-0F7245FB5AC5}.Release|x86.ActiveCfg = Release|Win32
		{AA342F3A-3619-400A-ABCE-0F7245FB5AC5}.Release|x86.Build.0 = Release|Win32
		{8CD471C5-9F7E-4442-95DC-34672714A04A}.Debug|ARM.ActiveCfg = Debug|ARM
		{8CD471C5-9F7E-4442-95DC-34672714A04A}.Debug|ARM.Build.0 = Debug|ARM
		{8CD471C5-9F7E-4442-95DC-34672714A04A}.Debug|ARM64.ActiveCfg = Debug|ARM64
		{8CD471C5-9F7E-4442-95DC-34672714A04A}.Debug|ARM64.Build.0 = Debug|ARM64
		{8CD471C5-9F7E-4442-95DC-34672714A04A}.Debug|x64.ActiveCfg = Debug|x64
		{8CD471C5-9F7E-4442-95DC-34672714A04A}.Debug|x64.Build.0 = Debug|x64
		{8CD471C5-9F7E-4442-95DC-34672714A04A}.Debug|x86.ActiveCfg = Debug|Win32
		{8CD471C5-9F7E-4442-95DC-34672714A04A}.Debug|x86.Build.0 = Debug|Win32
		{8CD471C5-9F7E-4442-95DC-34672714A04A}.Release|ARM.ActiveCfg = Release|ARM
		{8CD471C5-9F7E-4442-95DC-34672714A04A}.Release|ARM.Build.0 = Release|ARM
		{8CD471C5-9F7E-4442-95DC-34672714A04A}.Release|ARM64.ActiveCfg = Release|ARM64
		{8CD471C5-9F7E-4442-95DC-34672714A04A}.Release|ARM64.Build.0 = Release|ARM64
		{8CD471C5-9F7E-4442-95DC-34672714A04A}.Release|x64.ActiveCfg = Release|x64
		{8CD471C5-9F7E-4442-95DC-34672714A04A}.Release|x64.Build.0 = Release|x64
		{8CD471C5-9F7E-4442-95DC-34672714A04A}.Release|x86.ActiveCfg = Release|Win32
		{8CD471C5-9F7E-4442-95DC-34672714A04A}.Release|x86.Build.0 = Release|Win32
		{5A0BD812-28AD-4DF6-8DAB-B8E812D4B120}.Debug|ARM.ActiveCfg = Debug|ARM
		{5A0BD812-28AD-4DF6-8DAB-B8E812D4B120}.Debug|ARM.Build.0 = Debug|ARM
		{5A0BD812-28AD-4DF6-8DAB-B8E812D4B120}.Debug|ARM64.ActiveCfg = Debug|ARM64
		{5A0BD812-28AD-4DF6-8DAB-B8E812D4B120}.Debug|ARM64.Build.0 = Debug|ARM64
		{5A0BD812-28AD-4DF6-8DAB-B8E812D4B120}.Debug|x64.ActiveCfg = Debug|x64
		{5A0BD812-28AD-4DF6-8DAB-B8E812D4B120}.Debug|x64.Build.0 = Debug|x64
		{5A0BD812-28AD-4DF6-8DAB-B8E812D4B120}.Debug|x86.ActiveCfg = Debug|Win32
		{5A0BD812-28AD-4DF6-8DAB-B8E812D4B120}.Debug|x86.Build.0 = Debug|Win32
		{5A0BD812-28AD-4DF6-8DAB-B8E812D4B120}.Release|ARM.ActiveCfg = Release|ARM
		{5A0BD812-28AD-4DF6-8DAB-B8E812D4B120}.Release|ARM.Build.0 = Release|ARM
		{5A0BD812-28AD-4DF6-8DAB-B8E812D4B120}.Release|ARM64.ActiveCfg = Release|ARM64
		{5A0BD812-28AD-4DF6-8DAB-B8E812D4B120}.Release|ARM64.Build.0 = Release|ARM64
		{5A0BD812-28AD-4DF6-8DAB-B8E812D4B120}.Release|x64.ActiveCfg = Release|x64
		{5A0BD812-28AD-4DF6-8DAB-B8E812D4B120}.Release|x64.Build.0 = Release|x64
		{5A0BD812-28AD-4DF6-8DAB-B8E812D4B120}.Release|x86.ActiveCfg = Release|Win32
		{5A0BD812-28AD-4DF6-8DAB-B8E812D4B120}.Release|x86.Build.0 = Release|Win32
		{750F58E4-38D2-4E0C-BD3B-BEB702077DEB}.Debug|ARM.ActiveCfg = Debug|ARM
		{750F58E4-38D2-4E0C-BD3B-BEB702077DEB}.Debug|ARM.Build.0 = Debug|ARM
		{750F58E4-38D2-4E0C-BD3B-BEB702077DEB}.Debug|ARM64.ActiveCfg = Debug|ARM64
		{750F58E4-38D2-4E0C-BD3B-BEB702077DEB}.Debug|ARM64.Build.0 = Debug|ARM64
		{750F58E4-38D2-4E0C-BD3B-BEB702077DEB}.Debug|x64.ActiveCfg = Debug|x64
		{750F58E4-38D2-4E0C-BD3B-BEB702077DEB}.Debug|x64.Build.0 = Debug|x64
		{750F58E4-38D2-4E0C-BD3B-BEB702077DEB}.Debug|x86.ActiveCfg = Debug|Win32
		{750F58E4-38D2-4E0C-BD3B-BEB702077DEB}.Debug|x86.Build.0 = Debug|Win32
		{750F58E4-38D2-4E0C-BD3B-BEB702077DEB}.Release|ARM.ActiveCfg = Release|ARM
		{750F58E4-38D2-4E0C-BD3B-BEB702077DEB}.Release|ARM.Build.0 = Release|ARM
		{750F58E4-38D2-4E0C-BD3B-BEB702077DEB}.Release|ARM64.ActiveCfg = Release|ARM64
		{750F58E4-38D2-4E0C-BD3B-BEB702077DEB}.Release|ARM64.Build.0 = Release|ARM64
		{750F58E4-38D2-4E0C-BD3B-BEB702077DEB}.Release|x64.ActiveCfg = Release|x64
		{750F58E4-38D2-4E0C-BD3B-BEB702077DEB}.Release|x64.Build.0 = Release|x64
		{750F58E4-38D2-4E0C-BD3B-BEB702077DEB}.Release|x86.ActiveCfg = Release|Win32
		{750F58E4-38D2-4E0C-BD3B-BEB702077DEB}.Release|x86.Build.0 = Release|Win32
	EndGlobalSection
	GlobalSection(SolutionProperties) = preSolution
		HideSolutionNode = FALSE
	EndGlobalSection
	GlobalSection(NestedProjects) = preSolution
		{6A40EC82-F36A-4BFA-917B-46B82D1377D9} = {866CDADA-D440-463D-8A29-825EED453F2C}
		{A9572DA9-3D3A-4B64-9ECA-CC952D266950} = {61580194-D49B-45ED-9034-AA8A146E53FA}
		{337EEA01-07EF-4DC5-9E8D-F6EC2D22D01F} = {61580194-D49B-45ED-9034-AA8A146E53FA}
		{AF300BF7-DC93-4C89-A024-7CA191C81CC9} = {A9572DA9-3D3A-4B64-9ECA-CC952D266950}
		{E6F8B6C2-4CA9-4B3A-9A00-83D011DE88FA} = {337EEA01-07EF-4DC5-9E8D-F6EC2D22D01F}
		{0866A449-7779-4D67-82EB-34DC919405E0} = {337EEA01-07EF-4DC5-9E8D-F6EC2D22D01F}
		{AA342F3A-3619-400A-ABCE-0F7245FB5AC5} = {337EEA01-07EF-4DC5-9E8D-F6EC2D22D01F}
		{8CD471C5-9F7E-4442-95DC-34672714A04A} = {337EEA01-07EF-4DC5-9E8D-F6EC2D22D01F}
		{5A0BD812-28AD-4DF6-8DAB-B8E812D4B120} = {337EEA01-07EF-4DC5-9E8D-F6EC2D22D01F}
		{750F58E4-38D2-4E0C-BD3B-BEB702077DEB} = {337EEA01-07EF-4DC5-9E8D-F6EC2D22D01F}
	EndGlobalSection
	GlobalSection(ExtensibilityGlobals) = postSolution
		SolutionGuid = {4982ED56-C648-44F6-89AC-C51A499DB1E8}
	EndGlobalSection
EndGlobal
